
Microsoft Visual Studio Solution File, Format Version 12.00
# Visual Studio 2013
VisualStudioVersion = 12.0.31101.0
MinimumVisualStudioVersion = 10.0.40219.1
Project("{FAE04EC0-301F-11D3-BF4B-00C04F79EFBC}") = "trailweb", "trailweb\trailweb.csproj", "{70064CE6-6EF0-426A-BBC7-4F61CD2AB0DA}"
EndProject
Global
	GlobalSection(SolutionConfigurationPlatforms) = preSolution
		Debug|Any CPU = Debug|Any CPU
		Debug|ARM = Debug|ARM
		Debug|x86 = Debug|x86
		Release|Any CPU = Release|Any CPU
		Release|ARM = Release|ARM
		Release|x86 = Release|x86
	EndGlobalSection
	GlobalSection(ProjectConfigurationPlatforms) = postSolution
		{70064CE6-6EF0-426A-BBC7-4F61CD2AB0DA}.Debug|Any CPU.ActiveCfg = Debug|Any CPU
		{70064CE6-6EF0-426A-BBC7-4F61CD2AB0DA}.Debug|Any CPU.Build.0 = Debug|Any CPU
		{70064CE6-6EF0-426A-BBC7-4F61CD2AB0DA}.Debug|Any CPU.Deploy.0 = Debug|Any CPU
		{70064CE6-6EF0-426A-BBC7-4F61CD2AB0DA}.Debug|ARM.ActiveCfg = Debug|ARM
		{70064CE6-6EF0-426A-BBC7-4F61CD2AB0DA}.Debug|ARM.Build.0 = Debug|ARM
		{70064CE6-6EF0-426A-BBC7-4F61CD2AB0DA}.Debug|ARM.Deploy.0 = Debug|ARM
		{70064CE6-6EF0-426A-BBC7-4F61CD2AB0DA}.Debug|x86.ActiveCfg = Debug|x86
		{70064CE6-6EF0-426A-BBC7-4F61CD2AB0DA}.Debug|x86.Build.0 = Debug|x86
		{70064CE6-6EF0-426A-BBC7-4F61CD2AB0DA}.Debug|x86.Deploy.0 = Debug|x86
		{70064CE6-6EF0-426A-BBC7-4F61CD2AB0DA}.Release|Any CPU.ActiveCfg = Release|Any CPU
		{70064CE6-6EF0-426A-BBC7-4F61CD2AB0DA}.Release|Any CPU.Build.0 = Release|Any CPU
		{70064CE6-6EF0-426A-BBC7-4F61CD2AB0DA}.Release|Any CPU.Deploy.0 = Release|Any CPU
		{70064CE6-6EF0-426A-BBC7-4F61CD2AB0DA}.Release|ARM.ActiveCfg = Release|ARM
		{70064CE6-6EF0-426A-BBC7-4F61CD2AB0DA}.Release|ARM.Build.0 = Release|ARM
		{70064CE6-6EF0-426A-BBC7-4F61CD2AB0DA}.Release|ARM.Deploy.0 = Release|ARM
		{70064CE6-6EF0-426A-BBC7-4F61CD2AB0DA}.Release|x86.ActiveCfg = Release|x86
		{70064CE6-6EF0-426A-BBC7-4F61CD2AB0DA}.Release|x86.Build.0 = Release|x86
		{70064CE6-6EF0-426A-BBC7-4F61CD2AB0DA}.Release|x86.Deploy.0 = Release|x86
	EndGlobalSection
	GlobalSection(SolutionProperties) = preSolution
		HideSolutionNode = FALSE
	EndGlobalSection
EndGlobal
